
Microsoft Visual Studio Solution File, Format Version 12.00
# Visual Studio Version 17
VisualStudioVersion = 17.5.33627.172
MinimumVisualStudioVersion = 10.0.40219.1
Project("{2150E333-8FDC-42A3-9474-1A3956D46DE8}") = "AutomationTests", "AutomationTests", "{C0E28FDB-4EA8-41F5-BE6A-9517E92262F1}"
EndProject
Project("{2150E333-8FDC-42A3-9474-1A3956D46DE8}") = "App", "App", "{BB39F371-81DC-4459-A10C-CF8107EF41C5}"
EndProject
Project("{9A19103F-16F7-4668-BE54-9A1E7A4F7556}") = "WebApp", "App\WebApp\WebApp.csproj", "{68B343E4-2B0C-48B6-B4B8-58BD282C4EA7}"
EndProject
Project("{9A19103F-16F7-4668-BE54-9A1E7A4F7556}") = "ProductAPI", "App\ProductAPI\ProductAPI.csproj", "{25B6100E-508C-4CB0-943E-8C9C439E5B4B}"
EndProject
Project("{9A19103F-16F7-4668-BE54-9A1E7A4F7556}") = "TestProject", "AutomationTests\TestProject\TestProject.csproj", "{B6E1C4D4-AE50-45A7-8028-CE119B6B5062}"
EndProject
Project("{9A19103F-16F7-4668-BE54-9A1E7A4F7556}") = "TestFramework", "AutomationTests\TestFramework\TestFramework.csproj", "{AF9FBE2A-89D9-4AF5-A8BF-2E1EEC40F667}"
EndProject
Project("{9A19103F-16F7-4668-BE54-9A1E7A4F7556}") = "TestProjectBDD", "AutomationTests\TestProjectBDD\TestProjectBDD.csproj", "{9E367805-41D3-41E1-9C75-AE6ACFB8ACB0}"
EndProject
Global
	GlobalSection(SolutionConfigurationPlatforms) = preSolution
		Debug|Any CPU = Debug|Any CPU
		Release|Any CPU = Release|Any CPU
	EndGlobalSection
	GlobalSection(ProjectConfigurationPlatforms) = postSolution
		{68B343E4-2B0C-48B6-B4B8-58BD282C4EA7}.Debug|Any CPU.ActiveCfg = Debug|Any CPU
		{68B343E4-2B0C-48B6-B4B8-58BD282C4EA7}.Debug|Any CPU.Build.0 = Debug|Any CPU
		{68B343E4-2B0C-48B6-B4B8-58BD282C4EA7}.Release|Any CPU.ActiveCfg = Release|Any CPU
		{68B343E4-2B0C-48B6-B4B8-58BD282C4EA7}.Release|Any CPU.Build.0 = Release|Any CPU
		{25B6100E-508C-4CB0-943E-8C9C439E5B4B}.Debug|Any CPU.ActiveCfg = Debug|Any CPU
		{25B6100E-508C-4CB0-943E-8C9C439E5B4B}.Debug|Any CPU.Build.0 = Debug|Any CPU
		{25B6100E-508C-4CB0-943E-8C9C439E5B4B}.Release|Any CPU.ActiveCfg = Release|Any CPU
		{25B6100E-508C-4CB0-943E-8C9C439E5B4B}.Release|Any CPU.Build.0 = Release|Any CPU
		{B6E1C4D4-AE50-45A7-8028-CE119B6B5062}.Debug|Any CPU.ActiveCfg = Debug|Any CPU
		{B6E1C4D4-AE50-45A7-8028-CE119B6B5062}.Debug|Any CPU.Build.0 = Debug|Any CPU
		{B6E1C4D4-AE50-45A7-8028-CE119B6B5062}.Release|Any CPU.ActiveCfg = Release|Any CPU
		{B6E1C4D4-AE50-45A7-8028-CE119B6B5062}.Release|Any CPU.Build.0 = Release|Any CPU
		{AF9FBE2A-89D9-4AF5-A8BF-2E1EEC40F667}.Debug|Any CPU.ActiveCfg = Debug|Any CPU
		{AF9FBE2A-89D9-4AF5-A8BF-2E1EEC40F667}.Debug|Any CPU.Build.0 = Debug|Any CPU
		{AF9FBE2A-89D9-4AF5-A8BF-2E1EEC40F667}.Release|Any CPU.ActiveCfg = Release|Any CPU
		{AF9FBE2A-89D9-4AF5-A8BF-2E1EEC40F667}.Release|Any CPU.Build.0 = Release|Any CPU
		{9E367805-41D3-41E1-9C75-AE6ACFB8ACB0}.Debug|Any CPU.ActiveCfg = Debug|Any CPU
		{9E367805-41D3-41E1-9C75-AE6ACFB8ACB0}.Debug|Any CPU.Build.0 = Debug|Any CPU
		{9E367805-41D3-41E1-9C75-AE6ACFB8ACB0}.Release|Any CPU.ActiveCfg = Release|Any CPU
		{9E367805-41D3-41E1-9C75-AE6ACFB8ACB0}.Release|Any CPU.Build.0 = Release|Any CPU
	EndGlobalSection
	GlobalSection(SolutionProperties) = preSolution
		HideSolutionNode = FALSE
	EndGlobalSection
	GlobalSection(NestedProjects) = preSolution
		{68B343E4-2B0C-48B6-B4B8-58BD282C4EA7} = {BB39F371-81DC-4459-A10C-CF8107EF41C5}
		{25B6100E-508C-4CB0-943E-8C9C439E5B4B} = {BB39F371-81DC-4459-A10C-CF8107EF41C5}
		{B6E1C4D4-AE50-45A7-8028-CE119B6B5062} = {C0E28FDB-4EA8-41F5-BE6A-9517E92262F1}
		{AF9FBE2A-89D9-4AF5-A8BF-2E1EEC40F667} = {C0E28FDB-4EA8-41F5-BE6A-9517E92262F1}
		{9E367805-41D3-41E1-9C75-AE6ACFB8ACB0} = {C0E28FDB-4EA8-41F5-BE6A-9517E92262F1}
	EndGlobalSection
	GlobalSection(ExtensibilityGlobals) = postSolution
		SolutionGuid = {8535CCCA-3A48-44FA-83DB-05B0A4AF6A3F}
	EndGlobalSection
EndGlobal
